
Microsoft Visual Studio Solution File, Format Version 12.00
# Visual Studio Version 17
VisualStudioVersion = 17.14.37314.3 d17.14
MinimumVisualStudioVersion = 10.0.40219.1
Project("{FAE04EC0-301F-11D3-BF4B-00C04F79EFBC}") = "ValheimBuildOptimization", "ValheimBuildOptimization.csproj", "{BE15940E-381C-4623-A8D4-222869A01AFC}"
EndProject
Global
	GlobalSection(SolutionConfigurationPlatforms) = preSolution
		Debug|Any CPU = Debug|Any CPU
		Release|Any CPU = Release|Any CPU
	EndGlobalSection
	GlobalSection(ProjectConfigurationPlatforms) = postSolution
		{BE15940E-381C-4623-A8D4-222869A01AFC}.Debug|Any CPU.ActiveCfg = Debug|Any CPU
		{BE15940E-381C-4623-A8D4-222869A01AFC}.Debug|Any CPU.Build.0 = Debug|Any CPU
		{BE15940E-381C-4623-A8D4-222869A01AFC}.Release|Any CPU.ActiveCfg = Release|Any CPU
		{BE15940E-381C-4623-A8D4-222869A01AFC}.Release|Any CPU.Build.0 = Release|Any CPU
	EndGlobalSection
	GlobalSection(SolutionProperties) = preSolution
		HideSolutionNode = FALSE
	EndGlobalSection
	GlobalSection(ExtensibilityGlobals) = postSolution
		SolutionGuid = {B6BE1677-6543-48DA-8A6E-2F8315A59C11}
	EndGlobalSection
EndGlobal
